
Microsoft Visual Studio Solution File, Format Version 12.00
# Visual Studio Version 17
VisualStudioVersion = 17.0.31903.59
MinimumVisualStudioVersion = 10.0.40219.1
Project("{FAE04EC0-301F-11D3-BF4B-00C04F79EFBC}") = "DemoApi.API", "DemoApi.API\DemoApi.API.csproj", "{B27108C4-4C5F-4E65-BCF3-5856A3A4137F}"
EndProject
Project("{FAE04EC0-301F-11D3-BF4B-00C04F79EFBC}") = "DemoApi.IL", "DemoApi.IL\DemoApi.IL.csproj", "{8176A859-AFFA-4AFF-A269-0F486D6960E4}"
EndProject
Project("{FAE04EC0-301F-11D3-BF4B-00C04F79EFBC}") = "DemoApi.DL", "DemoApi.DL\DemoApi.DL.csproj", "{4F25722B-C52C-4B8F-8E47-2FBF9182B8DB}"
EndProject
Project("{FAE04EC0-301F-11D3-BF4B-00C04F79EFBC}") = "DemoApi.DAL", "DemoApi.DAL\DemoApi.DAL.csproj", "{EC93196A-A70C-4C32-919E-48A09A224E67}"
EndProject
Project("{FAE04EC0-301F-11D3-BF4B-00C04F79EFBC}") = "DemoApi.BLL", "DemoApi.BLL\DemoApi.BLL.csproj", "{2BFA4D36-0429-4C6D-ACC8-C8BD2F12B6D3}"
EndProject
Global
	GlobalSection(SolutionConfigurationPlatforms) = preSolution
		Debug|Any CPU = Debug|Any CPU
		Debug|x64 = Debug|x64
		Debug|x86 = Debug|x86
		Release|Any CPU = Release|Any CPU
		Release|x64 = Release|x64
		Release|x86 = Release|x86
	EndGlobalSection
	GlobalSection(ProjectConfigurationPlatforms) = postSolution
		{B27108C4-4C5F-4E65-BCF3-5856A3A4137F}.Debug|Any CPU.ActiveCfg = Debug|Any CPU
		{B27108C4-4C5F-4E65-BCF3-5856A3A4137F}.Debug|Any CPU.Build.0 = Debug|Any CPU
		{B27108C4-4C5F-4E65-BCF3-5856A3A4137F}.Debug|x64.ActiveCfg = Debug|Any CPU
		{B27108C4-4C5F-4E65-BCF3-5856A3A4137F}.Debug|x64.Build.0 = Debug|Any CPU
		{B27108C4-4C5F-4E65-BCF3-5856A3A4137F}.Debug|x86.ActiveCfg = Debug|Any CPU
		{B27108C4-4C5F-4E65-BCF3-5856A3A4137F}.Debug|x86.Build.0 = Debug|Any CPU
		{B27108C4-4C5F-4E65-BCF3-5856A3A4137F}.Release|Any CPU.ActiveCfg = Release|Any CPU
		{B27108C4-4C5F-4E65-BCF3-5856A3A4137F}.Release|Any CPU.Build.0 = Release|Any CPU
		{B27108C4-4C5F-4E65-BCF3-5856A3A4137F}.Release|x64.ActiveCfg = Release|Any CPU
		{B27108C4-4C5F-4E65-BCF3-5856A3A4137F}.Release|x64.Build.0 = Release|Any CPU
		{B27108C4-4C5F-4E65-BCF3-5856A3A4137F}.Release|x86.ActiveCfg = Release|Any CPU
		{B27108C4-4C5F-4E65-BCF3-5856A3A4137F}.Release|x86.Build.0 = Release|Any CPU
		{8176A859-AFFA-4AFF-A269-0F486D6960E4}.Debug|Any CPU.ActiveCfg = Debug|Any CPU
		{8176A859-AFFA-4AFF-A269-0F486D6960E4}.Debug|Any CPU.Build.0 = Debug|Any CPU
		{8176A859-AFFA-4AFF-A269-0F486D6960E4}.Debug|x64.ActiveCfg = Debug|Any CPU
		{8176A859-AFFA-4AFF-A269-0F486D6960E4}.Debug|x64.Build.0 = Debug|Any CPU
		{8176A859-AFFA-4AFF-A269-0F486D6960E4}.Debug|x86.ActiveCfg = Debug|Any CPU
		{8176A859-AFFA-4AFF-A269-0F486D6960E4}.Debug|x86.Build.0 = Debug|Any CPU
		{8176A859-AFFA-4AFF-A269-0F486D6960E4}.Release|Any CPU.ActiveCfg = Release|Any CPU
		{8176A859-AFFA-4AFF-A269-0F486D6960E4}.Release|Any CPU.Build.0 = Release|Any CPU
		{8176A859-AFFA-4AFF-A269-0F486D6960E4}.Release|x64.ActiveCfg = Release|Any CPU
		{8176A859-AFFA-4AFF-A269-0F486D6960E4}.Release|x64.Build.0 = Release|Any CPU
		{8176A859-AFFA-4AFF-A269-0F486D6960E4}.Release|x86.ActiveCfg = Release|Any CPU
		{8176A859-AFFA-4AFF-A269-0F486D6960E4}.Release|x86.Build.0 = Release|Any CPU
		{4F25722B-C52C-4B8F-8E47-2FBF9182B8DB}.Debug|Any CPU.ActiveCfg = Debug|Any CPU
		{4F25722B-C52C-4B8F-8E47-2FBF9182B8DB}.Debug|Any CPU.Build.0 = Debug|Any CPU
		{4F25722B-C52C-4B8F-8E47-2FBF9182B8DB}.Debug|x64.ActiveCfg = Debug|Any CPU
		{4F25722B-C52C-4B8F-8E47-2FBF9182B8DB}.Debug|x64.Build.0 = Debug|Any CPU
		{4F25722B-C52C-4B8F-8E47-2FBF9182B8DB}.Debug|x86.ActiveCfg = Debug|Any CPU
		{4F25722B-C52C-4B8F-8E47-2FBF9182B8DB}.Debug|x86.Build.0 = Debug|Any CPU
		{4F25722B-C52C-4B8F-8E47-2FBF9182B8DB}.Release|Any CPU.ActiveCfg = Release|Any CPU
		{4F25722B-C52C-4B8F-8E47-2FBF9182B8DB}.Release|Any CPU.Build.0 = Release|Any CPU
		{4F25722B-C52C-4B8F-8E47-2FBF9182B8DB}.Release|x64.ActiveCfg = Release|Any CPU
		{4F25722B-C52C-4B8F-8E47-2FBF9182B8DB}.Release|x64.Build.0 = Release|Any CPU
		{4F25722B-C52C-4B8F-8E47-2FBF9182B8DB}.Release|x86.ActiveCfg = Release|Any CPU
		{4F25722B-C52C-4B8F-8E47-2FBF9182B8DB}.Release|x86.Build.0 = Release|Any CPU
		{EC93196A-A70C-4C32-919E-48A09A224E67}.Debug|Any CPU.ActiveCfg = Debug|Any CPU
		{EC93196A-A70C-4C32-919E-48A09A224E67}.Debug|Any CPU.Build.0 = Debug|Any CPU
		{EC93196A-A70C-4C32-919E-48A09A224E67}.Debug|x64.ActiveCfg = Debug|Any CPU
		{EC93196A-A70C-4C32-919E-48A09A224E67}.Debug|x64.Build.0 = Debug|Any CPU
		{EC93196A-A70C-4C32-919E-48A09A224E67}.Debug|x86.ActiveCfg = Debug|Any CPU
		{EC93196A-A70C-4C32-919E-48A09A224E67}.Debug|x86.Build.0 = Debug|Any CPU
		{EC93196A-A70C-4C32-919E-48A09A224E67}.Release|Any CPU.ActiveCfg = Release|Any CPU
		{EC93196A-A70C-4C32-919E-48A09A224E67}.Release|Any CPU.Build.0 = Release|Any CPU
		{EC93196A-A70C-4C32-919E-48A09A224E67}.Release|x64.ActiveCfg = Release|Any CPU
		{EC93196A-A70C-4C32-919E-48A09A224E67}.Release|x64.Build.0 = Release|Any CPU
		{EC93196A-A70C-4C32-919E-48A09A224E67}.Release|x86.ActiveCfg = Release|Any CPU
		{EC93196A-A70C-4C32-919E-48A09A224E67}.Release|x86.Build.0 = Release|Any CPU
		{2BFA4D36-0429-4C6D-ACC8-C8BD2F12B6D3}.Debug|Any CPU.ActiveCfg = Debug|Any CPU
		{2BFA4D36-0429-4C6D-ACC8-C8BD2F12B6D3}.Debug|Any CPU.Build.0 = Debug|Any CPU
		{2BFA4D36-0429-4C6D-ACC8-C8BD2F12B6D3}.Debug|x64.ActiveCfg = Debug|Any CPU
		{2BFA4D36-0429-4C6D-ACC8-C8BD2F12B6D3}.Debug|x64.Build.0 = Debug|Any CPU
		{2BFA4D36-0429-4C6D-ACC8-C8BD2F12B6D3}.Debug|x86.ActiveCfg = Debug|Any CPU
		{2BFA4D36-0429-4C6D-ACC8-C8BD2F12B6D3}.Debug|x86.Build.0 = Debug|Any CPU
		{2BFA4D36-0429-4C6D-ACC8-C8BD2F12B6D3}.Release|Any CPU.ActiveCfg = Release|Any CPU
		{2BFA4D36-0429-4C6D-ACC8-C8BD2F12B6D3}.Release|Any CPU.Build.0 = Release|Any CPU
		{2BFA4D36-0429-4C6D-ACC8-C8BD2F12B6D3}.Release|x64.ActiveCfg = Release|Any CPU
		{2BFA4D36-0429-4C6D-ACC8-C8BD2F12B6D3}.Release|x64.Build.0 = Release|Any CPU
		{2BFA4D36-0429-4C6D-ACC8-C8BD2F12B6D3}.Release|x86.ActiveCfg = Release|Any CPU
		{2BFA4D36-0429-4C6D-ACC8-C8BD2F12B6D3}.Release|x86.Build.0 = Release|Any CPU
	EndGlobalSection
	GlobalSection(SolutionProperties) = preSolution
		HideSolutionNode = FALSE
	EndGlobalSection
EndGlobal
